
Microsoft Visual Studio Solution File, Format Version 12.00
# Visual Studio Version 16
VisualStudioVersion = 16.0.31515.178
MinimumVisualStudioVersion = 10.0.40219.1
Project("{9A19103F-16F7-4668-BE54-9A1E7A4F7556}") = "Singleton", "Singleton\Singleton.csproj", "{95F4E6F2-C1EF-4222-9645-E0EB7BB56762}"
EndProject
Project("{9A19103F-16F7-4668-BE54-9A1E7A4F7556}") = "LibraryTools", "LibraryTools\LibraryTools.csproj", "{714203A0-EE64-4304-B5C9-E2B8812949F4}"
EndProject
Project("{9A19103F-16F7-4668-BE54-9A1E7A4F7556}") = "ConsoleDemos", "ConsoleDemos\ConsoleDemos.csproj", "{C9A84054-E0E5-4E3D-86AE-19B4F4116817}"
EndProject
Project("{9A19103F-16F7-4668-BE54-9A1E7A4F7556}") = "Factory", "Factory\Factory.csproj", "{0F0730EC-43D6-4B8E-9468-A532F5A27595}"
EndProject
Project("{9A19103F-16F7-4668-BE54-9A1E7A4F7556}") = "DependencyInjection", "DependencyInjection\DependencyInjection.csproj", "{C6011D77-7D03-42F6-ADD8-544B11ED4455}"
EndProject
Project("{9A19103F-16F7-4668-BE54-9A1E7A4F7556}") = "DesignPatterns.Models", "DesignPatterns.Models\DesignPatterns.Models.csproj", "{72A26D12-36F9-4BAF-8342-62742E4ACA5E}"
EndProject
Project("{9A19103F-16F7-4668-BE54-9A1E7A4F7556}") = "DesignsPatterns.Repository", "DesignsPatterns.Repository\DesignsPatterns.Repository.csproj", "{5FEF0DB4-FD8F-4BA6-9FC8-BA846B77D7F6}"
EndProject
Project("{9A19103F-16F7-4668-BE54-9A1E7A4F7556}") = "Repository", "Repository\Repository.csproj", "{0C57B458-667B-49EB-85B4-71C050DF0D63}"
EndProject
Project("{2150E333-8FDC-42A3-9474-1A3956D46DE8}") = "Console", "Console", "{351092C3-ECB8-47F6-B498-D3B081692193}"
EndProject
Project("{2150E333-8FDC-42A3-9474-1A3956D46DE8}") = "ASP", "ASP", "{6DEC20F0-7A5E-435C-BD05-088B7FA75786}"
EndProject
Project("{2150E333-8FDC-42A3-9474-1A3956D46DE8}") = "Libraries", "Libraries", "{ACA3EDBF-616B-49FA-B4FF-F092D8BA689C}"
EndProject
Global
	GlobalSection(SolutionConfigurationPlatforms) = preSolution
		Debug|Any CPU = Debug|Any CPU
		Release|Any CPU = Release|Any CPU
	EndGlobalSection
	GlobalSection(ProjectConfigurationPlatforms) = postSolution
		{95F4E6F2-C1EF-4222-9645-E0EB7BB56762}.Debug|Any CPU.ActiveCfg = Debug|Any CPU
		{95F4E6F2-C1EF-4222-9645-E0EB7BB56762}.Debug|Any CPU.Build.0 = Debug|Any CPU
		{95F4E6F2-C1EF-4222-9645-E0EB7BB56762}.Release|Any CPU.ActiveCfg = Release|Any CPU
		{95F4E6F2-C1EF-4222-9645-E0EB7BB56762}.Release|Any CPU.Build.0 = Release|Any CPU
		{714203A0-EE64-4304-B5C9-E2B8812949F4}.Debug|Any CPU.ActiveCfg = Debug|Any CPU
		{714203A0-EE64-4304-B5C9-E2B8812949F4}.Debug|Any CPU.Build.0 = Debug|Any CPU
		{714203A0-EE64-4304-B5C9-E2B8812949F4}.Release|Any CPU.ActiveCfg = Release|Any CPU
		{714203A0-EE64-4304-B5C9-E2B8812949F4}.Release|Any CPU.Build.0 = Release|Any CPU
		{C9A84054-E0E5-4E3D-86AE-19B4F4116817}.Debug|Any CPU.ActiveCfg = Debug|Any CPU
		{C9A84054-E0E5-4E3D-86AE-19B4F4116817}.Debug|Any CPU.Build.0 = Debug|Any CPU
		{C9A84054-E0E5-4E3D-86AE-19B4F4116817}.Release|Any CPU.ActiveCfg = Release|Any CPU
		{C9A84054-E0E5-4E3D-86AE-19B4F4116817}.Release|Any CPU.Build.0 = Release|Any CPU
		{0F0730EC-43D6-4B8E-9468-A532F5A27595}.Debug|Any CPU.ActiveCfg = Debug|Any CPU
		{0F0730EC-43D6-4B8E-9468-A532F5A27595}.Debug|Any CPU.Build.0 = Debug|Any CPU
		{0F0730EC-43D6-4B8E-9468-A532F5A27595}.Release|Any CPU.ActiveCfg = Release|Any CPU
		{0F0730EC-43D6-4B8E-9468-A532F5A27595}.Release|Any CPU.Build.0 = Release|Any CPU
		{C6011D77-7D03-42F6-ADD8-544B11ED4455}.Debug|Any CPU.ActiveCfg = Debug|Any CPU
		{C6011D77-7D03-42F6-ADD8-544B11ED4455}.Debug|Any CPU.Build.0 = Debug|Any CPU
		{C6011D77-7D03-42F6-ADD8-544B11ED4455}.Release|Any CPU.ActiveCfg = Release|Any CPU
		{C6011D77-7D03-42F6-ADD8-544B11ED4455}.Release|Any CPU.Build.0 = Release|Any CPU
		{72A26D12-36F9-4BAF-8342-62742E4ACA5E}.Debug|Any CPU.ActiveCfg = Debug|Any CPU
		{72A26D12-36F9-4BAF-8342-62742E4ACA5E}.Debug|Any CPU.Build.0 = Debug|Any CPU
		{72A26D12-36F9-4BAF-8342-62742E4ACA5E}.Release|Any CPU.ActiveCfg = Release|Any CPU
		{72A26D12-36F9-4BAF-8342-62742E4ACA5E}.Release|Any CPU.Build.0 = Release|Any CPU
		{5FEF0DB4-FD8F-4BA6-9FC8-BA846B77D7F6}.Debug|Any CPU.ActiveCfg = Debug|Any CPU
		{5FEF0DB4-FD8F-4BA6-9FC8-BA846B77D7F6}.Debug|Any CPU.Build.0 = Debug|Any CPU
		{5FEF0DB4-FD8F-4BA6-9FC8-BA846B77D7F6}.Release|Any CPU.ActiveCfg = Release|Any CPU
		{5FEF0DB4-FD8F-4BA6-9FC8-BA846B77D7F6}.Release|Any CPU.Build.0 = Release|Any CPU
		{0C57B458-667B-49EB-85B4-71C050DF0D63}.Debug|Any CPU.ActiveCfg = Debug|Any CPU
		{0C57B458-667B-49EB-85B4-71C050DF0D63}.Debug|Any CPU.Build.0 = Debug|Any CPU
		{0C57B458-667B-49EB-85B4-71C050DF0D63}.Release|Any CPU.ActiveCfg = Release|Any CPU
		{0C57B458-667B-49EB-85B4-71C050DF0D63}.Release|Any CPU.Build.0 = Release|Any CPU
	EndGlobalSection
	GlobalSection(SolutionProperties) = preSolution
		HideSolutionNode = FALSE
	EndGlobalSection
	GlobalSection(NestedProjects) = preSolution
		{95F4E6F2-C1EF-4222-9645-E0EB7BB56762} = {6DEC20F0-7A5E-435C-BD05-088B7FA75786}
		{714203A0-EE64-4304-B5C9-E2B8812949F4} = {ACA3EDBF-616B-49FA-B4FF-F092D8BA689C}
		{C9A84054-E0E5-4E3D-86AE-19B4F4116817} = {351092C3-ECB8-47F6-B498-D3B081692193}
		{0F0730EC-43D6-4B8E-9468-A532F5A27595} = {6DEC20F0-7A5E-435C-BD05-088B7FA75786}
		{C6011D77-7D03-42F6-ADD8-544B11ED4455} = {6DEC20F0-7A5E-435C-BD05-088B7FA75786}
		{72A26D12-36F9-4BAF-8342-62742E4ACA5E} = {ACA3EDBF-616B-49FA-B4FF-F092D8BA689C}
		{5FEF0DB4-FD8F-4BA6-9FC8-BA846B77D7F6} = {ACA3EDBF-616B-49FA-B4FF-F092D8BA689C}
		{0C57B458-667B-49EB-85B4-71C050DF0D63} = {6DEC20F0-7A5E-435C-BD05-088B7FA75786}
	EndGlobalSection
	GlobalSection(ExtensibilityGlobals) = postSolution
		SolutionGuid = {88FE74E3-B9B6-413D-BC4A-2FFF767AC3AF}
	EndGlobalSection
EndGlobal
